
Microsoft Visual Studio Solution File, Format Version 12.00
# Visual Studio Version 17
VisualStudioVersion = 17.5.33414.496
MinimumVisualStudioVersion = 10.0.40219.1
Project("{9A19103F-16F7-4668-BE54-9A1E7A4F7556}") = "ChatGptApiClientV2", "ChatGptApiClientV2\ChatGptApiClientV2.csproj", "{729F85E6-A93E-4A76-BE20-BBB3068B866E}"
EndProject
Project("{8BC9CEB8-8B4A-11D0-8D11-00A0C91BC942}") = "poppler-wrapper", "poppler-wrapper\poppler-wrapper.vcxproj", "{49AD4EA7-CA04-4F56-9B32-0DA0A67D81B4}"
EndProject
Project("{2150E333-8FDC-42A3-9474-1A3956D46DE8}") = "解决方案项", "解决方案项", "{C0ACAFD2-2644-467C-82E8-5033F426F2DB}"
	ProjectSection(SolutionItems) = preProject
		.editorconfig = .editorconfig
	EndProjectSection
EndProject
Project("{FAE04EC0-301F-11D3-BF4B-00C04F79EFBC}") = "WpfMath", "xaml-math\src\WpfMath\WpfMath.csproj", "{24CD2612-8BAA-4718-A73C-75351F55FDBA}"
EndProject
Project("{FAE04EC0-301F-11D3-BF4B-00C04F79EFBC}") = "XamlMath.Shared", "xaml-math\src\XamlMath.Shared\XamlMath.Shared.csproj", "{996F8576-F894-412B-A90F-87E383FA667A}"
EndProject
Global
	GlobalSection(SolutionConfigurationPlatforms) = preSolution
		Debug|Any CPU = Debug|Any CPU
		Debug|ARM64 = Debug|ARM64
		Debug|x64 = Debug|x64
		Release|Any CPU = Release|Any CPU
		Release|ARM64 = Release|ARM64
		Release|x64 = Release|x64
	EndGlobalSection
	GlobalSection(ProjectConfigurationPlatforms) = postSolution
		{729F85E6-A93E-4A76-BE20-BBB3068B866E}.Debug|Any CPU.ActiveCfg = Debug|x64
		{729F85E6-A93E-4A76-BE20-BBB3068B866E}.Debug|Any CPU.Build.0 = Debug|x64
		{729F85E6-A93E-4A76-BE20-BBB3068B866E}.Debug|ARM64.ActiveCfg = Debug|ARM64
		{729F85E6-A93E-4A76-BE20-BBB3068B866E}.Debug|ARM64.Build.0 = Debug|ARM64
		{729F85E6-A93E-4A76-BE20-BBB3068B866E}.Debug|x64.ActiveCfg = Debug|x64
		{729F85E6-A93E-4A76-BE20-BBB3068B866E}.Debug|x64.Build.0 = Debug|x64
		{729F85E6-A93E-4A76-BE20-BBB3068B866E}.Release|Any CPU.ActiveCfg = Release|x64
		{729F85E6-A93E-4A76-BE20-BBB3068B866E}.Release|Any CPU.Build.0 = Release|x64
		{729F85E6-A93E-4A76-BE20-BBB3068B866E}.Release|ARM64.ActiveCfg = Release|ARM64
		{729F85E6-A93E-4A76-BE20-BBB3068B866E}.Release|ARM64.Build.0 = Release|ARM64
		{729F85E6-A93E-4A76-BE20-BBB3068B866E}.Release|x64.ActiveCfg = Release|x64
		{729F85E6-A93E-4A76-BE20-BBB3068B866E}.Release|x64.Build.0 = Release|x64
		{49AD4EA7-CA04-4F56-9B32-0DA0A67D81B4}.Debug|Any CPU.ActiveCfg = Debug|x64
		{49AD4EA7-CA04-4F56-9B32-0DA0A67D81B4}.Debug|Any CPU.Build.0 = Debug|x64
		{49AD4EA7-CA04-4F56-9B32-0DA0A67D81B4}.Debug|ARM64.ActiveCfg = Debug|ARM64
		{49AD4EA7-CA04-4F56-9B32-0DA0A67D81B4}.Debug|ARM64.Build.0 = Debug|ARM64
		{49AD4EA7-CA04-4F56-9B32-0DA0A67D81B4}.Debug|x64.ActiveCfg = Debug|x64
		{49AD4EA7-CA04-4F56-9B32-0DA0A67D81B4}.Debug|x64.Build.0 = Debug|x64
		{49AD4EA7-CA04-4F56-9B32-0DA0A67D81B4}.Release|Any CPU.ActiveCfg = Release|x64
		{49AD4EA7-CA04-4F56-9B32-0DA0A67D81B4}.Release|Any CPU.Build.0 = Release|x64
		{49AD4EA7-CA04-4F56-9B32-0DA0A67D81B4}.Release|ARM64.ActiveCfg = Release|ARM64
		{49AD4EA7-CA04-4F56-9B32-0DA0A67D81B4}.Release|ARM64.Build.0 = Release|ARM64
		{49AD4EA7-CA04-4F56-9B32-0DA0A67D81B4}.Release|x64.ActiveCfg = Release|x64
		{49AD4EA7-CA04-4F56-9B32-0DA0A67D81B4}.Release|x64.Build.0 = Release|x64
		{24CD2612-8BAA-4718-A73C-75351F55FDBA}.Debug|Any CPU.ActiveCfg = Debug|Any CPU
		{24CD2612-8BAA-4718-A73C-75351F55FDBA}.Debug|Any CPU.Build.0 = Debug|Any CPU
		{24CD2612-8BAA-4718-A73C-75351F55FDBA}.Debug|ARM64.ActiveCfg = Debug|Any CPU
		{24CD2612-8BAA-4718-A73C-75351F55FDBA}.Debug|ARM64.Build.0 = Debug|Any CPU
		{24CD2612-8BAA-4718-A73C-75351F55FDBA}.Debug|x64.ActiveCfg = Debug|Any CPU
		{24CD2612-8BAA-4718-A73C-75351F55FDBA}.Debug|x64.Build.0 = Debug|Any CPU
		{24CD2612-8BAA-4718-A73C-75351F55FDBA}.Release|Any CPU.ActiveCfg = Release|Any CPU
		{24CD2612-8BAA-4718-A73C-75351F55FDBA}.Release|Any CPU.Build.0 = Release|Any CPU
		{24CD2612-8BAA-4718-A73C-75351F55FDBA}.Release|ARM64.ActiveCfg = Release|Any CPU
		{24CD2612-8BAA-4718-A73C-75351F55FDBA}.Release|ARM64.Build.0 = Release|Any CPU
		{24CD2612-8BAA-4718-A73C-75351F55FDBA}.Release|x64.ActiveCfg = Release|Any CPU
		{24CD2612-8BAA-4718-A73C-75351F55FDBA}.Release|x64.Build.0 = Release|Any CPU
		{996F8576-F894-412B-A90F-87E383FA667A}.Debug|Any CPU.ActiveCfg = Debug|Any CPU
		{996F8576-F894-412B-A90F-87E383FA667A}.Debug|Any CPU.Build.0 = Debug|Any CPU
		{996F8576-F894-412B-A90F-87E383FA667A}.Debug|ARM64.ActiveCfg = Debug|Any CPU
		{996F8576-F894-412B-A90F-87E383FA667A}.Debug|ARM64.Build.0 = Debug|Any CPU
		{996F8576-F894-412B-A90F-87E383FA667A}.Debug|x64.ActiveCfg = Debug|Any CPU
		{996F8576-F894-412B-A90F-87E383FA667A}.Debug|x64.Build.0 = Debug|Any CPU
		{996F8576-F894-412B-A90F-87E383FA667A}.Release|Any CPU.ActiveCfg = Release|Any CPU
		{996F8576-F894-412B-A90F-87E383FA667A}.Release|Any CPU.Build.0 = Release|Any CPU
		{996F8576-F894-412B-A90F-87E383FA667A}.Release|ARM64.ActiveCfg = Release|Any CPU
		{996F8576-F894-412B-A90F-87E383FA667A}.Release|ARM64.Build.0 = Release|Any CPU
		{996F8576-F894-412B-A90F-87E383FA667A}.Release|x64.ActiveCfg = Release|Any CPU
		{996F8576-F894-412B-A90F-87E383FA667A}.Release|x64.Build.0 = Release|Any CPU
	EndGlobalSection
	GlobalSection(SolutionProperties) = preSolution
		HideSolutionNode = FALSE
	EndGlobalSection
	GlobalSection(ExtensibilityGlobals) = postSolution
		SolutionGuid = {96E13DD1-8929-44DC-96C7-4F5C2C3AA9B3}
	EndGlobalSection
EndGlobal
